
Microsoft Visual Studio Solution File, Format Version 12.00
# Visual Studio Version 17
VisualStudioVersion = 17.10.35027.167
MinimumVisualStudioVersion = 10.0.40219.1
Project("{FAE04EC0-301F-11D3-BF4B-00C04F79EFBC}") = "BookTicket", "BookTicket\BookTicket.csproj", "{3363BFD7-B5B2-4767-B0B4-BFA7B77FD4CF}"
EndProject
Global
	GlobalSection(SolutionConfigurationPlatforms) = preSolution
		Debug|Any CPU = Debug|Any CPU
		Release|Any CPU = Release|Any CPU
	EndGlobalSection
	GlobalSection(ProjectConfigurationPlatforms) = postSolution
		{3363BFD7-B5B2-4767-B0B4-BFA7B77FD4CF}.Debug|Any CPU.ActiveCfg = Debug|Any CPU
		{3363BFD7-B5B2-4767-B0B4-BFA7B77FD4CF}.Debug|Any CPU.Build.0 = Debug|Any CPU
		{3363BFD7-B5B2-4767-B0B4-BFA7B77FD4CF}.Release|Any CPU.ActiveCfg = Release|Any CPU
		{3363BFD7-B5B2-4767-B0B4-BFA7B77FD4CF}.Release|Any CPU.Build.0 = Release|Any CPU
	EndGlobalSection
	GlobalSection(SolutionProperties) = preSolution
		HideSolutionNode = FALSE
	EndGlobalSection
	GlobalSection(ExtensibilityGlobals) = postSolution
		SolutionGuid = {D15CAC3A-79BA-44C2-8F3E-480CA4608B25}
	EndGlobalSection
EndGlobal
